
Microsoft Visual Studio Solution File, Format Version 12.00
# Visual Studio Version 16
VisualStudioVersion = 16.0.30804.86
MinimumVisualStudioVersion = 10.0.40219.1
Project("{FAE04EC0-301F-11D3-BF4B-00C04F79EFBC}") = "PhoneBook.App", "PhoneBook.App\PhoneBook.App.csproj", "{81FC6F80-E457-4B8F-ABE6-6BCF276F9501}"
EndProject
Project("{FAE04EC0-301F-11D3-BF4B-00C04F79EFBC}") = "PhoneBookDataLayer", "PhoneBook.DataLayer\PhoneBookDataLayer.csproj", "{2BD40601-8315-4821-A09F-1D21A471A0ED}"
EndProject
Global
	GlobalSection(SolutionConfigurationPlatforms) = preSolution
		Debug|Any CPU = Debug|Any CPU
		Release|Any CPU = Release|Any CPU
	EndGlobalSection
	GlobalSection(ProjectConfigurationPlatforms) = postSolution
		{81FC6F80-E457-4B8F-ABE6-6BCF276F9501}.Debug|Any CPU.ActiveCfg = Debug|Any CPU
		{81FC6F80-E457-4B8F-ABE6-6BCF276F9501}.Debug|Any CPU.Build.0 = Debug|Any CPU
		{81FC6F80-E457-4B8F-ABE6-6BCF276F9501}.Release|Any CPU.ActiveCfg = Release|Any CPU
		{81FC6F80-E457-4B8F-ABE6-6BCF276F9501}.Release|Any CPU.Build.0 = Release|Any CPU
		{2BD40601-8315-4821-A09F-1D21A471A0ED}.Debug|Any CPU.ActiveCfg = Debug|Any CPU
		{2BD40601-8315-4821-A09F-1D21A471A0ED}.Debug|Any CPU.Build.0 = Debug|Any CPU
		{2BD40601-8315-4821-A09F-1D21A471A0ED}.Release|Any CPU.ActiveCfg = Release|Any CPU
		{2BD40601-8315-4821-A09F-1D21A471A0ED}.Release|Any CPU.Build.0 = Release|Any CPU
	EndGlobalSection
	GlobalSection(SolutionProperties) = preSolution
		HideSolutionNode = FALSE
	EndGlobalSection
	GlobalSection(ExtensibilityGlobals) = postSolution
		SolutionGuid = {A441D573-2B43-4904-9905-1CBCD1A691CB}
	EndGlobalSection
EndGlobal
